PODS:
  - PryntTrimmerView (4.0.0)
  - SnapKit (5.0.1)
  - SteviaLayout (4.6.1)
  - Then (2.6.0)
  - "UITextView+Placeholder (1.3.3)"
  - YPImagePicker (4.1.2):
    - PryntTrimmerView (~> 4.0.0)
    - SteviaLayout (~> 4.6.0)

DEPENDENCIES:
  - SnapKit (~> 5.0.0)
  - Then
  - "UITextView+Placeholder"
  - YPImagePicker

SPEC REPOS:
  trunk:
    - PryntTrimmerView
    - SnapKit
    - SteviaLayout
    - Then
    - "UITextView+Placeholder"
    - YPImagePicker

SPEC CHECKSUMS:
  PryntTrimmerView: 67e67573ffd4c073f1308effa66aefd0cfa667a0
  SnapKit: 97b92857e3df3a0c71833cce143274bf6ef8e5eb
  SteviaLayout: 0c83442390c8a369c21f975ffbd812d11532645b
  Then: 90cd104fd951cec1980a03f57704ad8f784d4d79
  "UITextView+Placeholder": c407b27599ea23cca425946fee3cf1db5d547008
  YPImagePicker: bdaa46782668e260fdd9709f19043a9f469fd2ad

PODFILE CHECKSUM: b0ba19663d4387b5529b61937d5f3d4162c288e7

COCOAPODS: 1.8.3
